
Microsoft Visual Studio Solution File, Format Version 12.00
# Visual Studio Version 16
VisualStudioVersion = 16.0.30413.136
MinimumVisualStudioVersion = 10.0.40219.1
Project("{FAE04EC0-301F-11D3-BF4B-00C04F79EFBC}") = "FoodForm", "FoodForm\FoodForm.csproj", "{8B801A6B-A062-4373-8D10-E7F979DB5649}"
EndProject
Global
	GlobalSection(SolutionConfigurationPlatforms) = preSolution
		Debug|Any CPU = Debug|Any CPU
		Release|Any CPU = Release|Any CPU
	EndGlobalSection
	GlobalSection(ProjectConfigurationPlatforms) = postSolution
		{8B801A6B-A062-4373-8D10-E7F979DB5649}.Debug|Any CPU.ActiveCfg = Debug|Any CPU
		{8B801A6B-A062-4373-8D10-E7F979DB5649}.Debug|Any CPU.Build.0 = Debug|Any CPU
		{8B801A6B-A062-4373-8D10-E7F979DB5649}.Release|Any CPU.ActiveCfg = Release|Any CPU
		{8B801A6B-A062-4373-8D10-E7F979DB5649}.Release|Any CPU.Build.0 = Release|Any CPU
	EndGlobalSection
	GlobalSection(SolutionProperties) = preSolution
		HideSolutionNode = FALSE
	EndGlobalSection
	GlobalSection(ExtensibilityGlobals) = postSolution
		SolutionGuid = {22341441-50C9-4E0C-A5F6-01885727688B}
	EndGlobalSection
EndGlobal
